
Microsoft Visual Studio Solution File, Format Version 12.00
# Visual Studio Version 17
VisualStudioVersion = 17.7.34031.279
MinimumVisualStudioVersion = 10.0.40219.1
Project("{FAE04EC0-301F-11D3-BF4B-00C04F79EFBC}") = "PantallaDeBienvenida", "PantallaDeBienvenida\PantallaDeBienvenida.csproj", "{8879265C-4503-4F23-B364-3E087CC71AB8}"
EndProject
Global
	GlobalSection(SolutionConfigurationPlatforms) = preSolution
		Debug|Any CPU = Debug|Any CPU
		Release|Any CPU = Release|Any CPU
	EndGlobalSection
	GlobalSection(ProjectConfigurationPlatforms) = postSolution
		{8879265C-4503-4F23-B364-3E087CC71AB8}.Debug|Any CPU.ActiveCfg = Debug|Any CPU
		{8879265C-4503-4F23-B364-3E087CC71AB8}.Debug|Any CPU.Build.0 = Debug|Any CPU
		{8879265C-4503-4F23-B364-3E087CC71AB8}.Debug|Any CPU.Deploy.0 = Debug|Any CPU
		{8879265C-4503-4F23-B364-3E087CC71AB8}.Release|Any CPU.ActiveCfg = Release|Any CPU
		{8879265C-4503-4F23-B364-3E087CC71AB8}.Release|Any CPU.Build.0 = Release|Any CPU
		{8879265C-4503-4F23-B364-3E087CC71AB8}.Release|Any CPU.Deploy.0 = Release|Any CPU
	EndGlobalSection
	GlobalSection(SolutionProperties) = preSolution
		HideSolutionNode = FALSE
	EndGlobalSection
	GlobalSection(ExtensibilityGlobals) = postSolution
		SolutionGuid = {4F6B7813-6E35-4481-8A83-191F7754898E}
	EndGlobalSection
EndGlobal
